
Microsoft Visual Studio Solution File, Format Version 12.00
# Visual Studio Version 17
VisualStudioVersion = 17.14.36109.1 d17.14
MinimumVisualStudioVersion = 10.0.40219.1
Project("{FAE04EC0-301F-11D3-BF4B-00C04F79EFBC}") = "IncidentApiTaskA", "IncidentApiTaskA.csproj", "{EE0B09D3-4631-A346-E981-6ECDB370A165}"
EndProject
Global
	GlobalSection(SolutionConfigurationPlatforms) = preSolution
		Debug|Any CPU = Debug|Any CPU
		Release|Any CPU = Release|Any CPU
	EndGlobalSection
	GlobalSection(ProjectConfigurationPlatforms) = postSolution
		{EE0B09D3-4631-A346-E981-6ECDB370A165}.Debug|Any CPU.ActiveCfg = Debug|Any CPU
		{EE0B09D3-4631-A346-E981-6ECDB370A165}.Debug|Any CPU.Build.0 = Debug|Any CPU
		{EE0B09D3-4631-A346-E981-6ECDB370A165}.Release|Any CPU.ActiveCfg = Release|Any CPU
		{EE0B09D3-4631-A346-E981-6ECDB370A165}.Release|Any CPU.Build.0 = Release|Any CPU
	EndGlobalSection
	GlobalSection(SolutionProperties) = preSolution
		HideSolutionNode = FALSE
	EndGlobalSection
	GlobalSection(ExtensibilityGlobals) = postSolution
		SolutionGuid = {DCFCF575-A3EB-4F3E-8CFC-BD2A2431CC59}
	EndGlobalSection
EndGlobal
